// !$*UTF8*$!
{
	archiveVersion = 1;
	classes = {
	};
	objectVersion = 50;
	objects = {

/* Begin PBXBuildFile section */
		4318D028C63D71F4F30841EA /* Pods_POIUITests.framework in Frameworks */ = {isa = PBXBuildFile; fileRef = 806DA1572E4848834B8A0FF8 /* Pods_POIUITests.framework */; };
		65DF7AD9954DBE2A1007F83C /* Pods_POI.framework in Frameworks */ = {isa = PBXBuildFile; fileRef = 3EEF47A7517095E5CF3647C4 /* Pods_POI.framework */; };
		B917FAEF208E95CF00B65D9F /* AppDelegate.swift in Sources */ = {isa = PBXBuildFile; fileRef = B917FAEE208E95CF00B65D9F /* AppDelegate.swift */; };
		B917FAF1208E95CF00B65D9F /* ViewController.swift in Sources */ = {isa = PBXBuildFile; fileRef = B917FAF0208E95CF00B65D9F /* ViewController.swift */; };
		B917FAF4208E95CF00B65D9F /* Main.storyboard in Resources */ = {isa = PBXBuildFile; fileRef = B917FAF2208E95CF00B65D9F /* Main.storyboard */; };
		B917FAF6208E95D400B65D9F /* Assets.xcassets in Resources */ = {isa = PBXBuildFile; fileRef = B917FAF5208E95D400B65D9F /* Assets.xcassets */; };
		B917FAF9208E95D400B65D9F /* LaunchScreen.storyboard in Resources */ = {isa = PBXBuildFile; fileRef = B917FAF7208E95D400B65D9F /* LaunchScreen.storyboard */; };
		B917FB04208E95D400B65D9F /* POITests.swift in Sources */ = {isa = PBXBuildFile; fileRef = B917FB03208E95D400B65D9F /* POITests.swift */; };
		B917FB0F208E95D500B65D9F /* POIUITests.swift in Sources */ = {isa = PBXBuildFile; fileRef = B917FB0E208E95D500B65D9F /* POIUITests.swift */; };
		B917FB1D208E975D00B65D9F /* GoogleService-Info.plist in Resources */ = {isa = PBXBuildFile; fileRef = B917FB1C208E975D00B65D9F /* GoogleService-Info.plist */; };
		D3E4C182BD9E473EC8F6A483 /* Pods_POITests.framework in Frameworks */ = {isa = PBXBuildFile; fileRef = CE4879198E314F5139527C95 /* Pods_POITests.framework */; };
/* End PBXBuildFile section */

/* Begin PBXContainerItemProxy section */
		B917FB00208E95D400B65D9F /* PBXContainerItemProxy */ = {
			isa = PBXContainerItemProxy;
			containerPortal = B917FAE3208E95CF00B65D9F /* Project object */;
			proxyType = 1;
			remoteGlobalIDString = B917FAEA208E95CF00B65D9F;
			remoteInfo = POI;
		};
		B917FB0B208E95D500B65D9F /* PBXContainerItemProxy */ = {
			isa = PBXContainerItemProxy;
			containerPortal = B917FAE3208E95CF00B65D9F /* Project object */;
			proxyType = 1;
			remoteGlobalIDString = B917FAEA208E95CF00B65D9F;
			remoteInfo = POI;
		};
/* End PBXContainerItemProxy section */

/* Begin PBXFileReference section */
		1E38B4CCFB9B5333A8E3B2C1 /* Pods-POITests.debug.xcconfig */ = {isa = PBXFileReference; includeInIndex = 1; lastKnownFileType = text.xcconfig; name = "Pods-POITests.debug.xcconfig"; path = "Pods/Target Support Files/Pods-POITests/Pods-POITests.debug.xcconfig"; sourceTree = "<group>"; };
		3EEF47A7517095E5CF3647C4 /* Pods_POI.framework */ = {isa = PBXFileReference; explicitFileType = wrapper.framework; includeInIndex = 0; path = Pods_POI.framework; sourceTree = BUILT_PRODUCTS_DIR; };
		45E440893DCFF576C08DB6D6 /* Pods-POIUITests.debug.xcconfig */ = {isa = PBXFileReference; includeInIndex = 1; lastKnownFileType = text.xcconfig; name = "Pods-POIUITests.debug.xcconfig"; path = "Pods/Target Support Files/Pods-POIUITests/Pods-POIUITests.debug.xcconfig"; sourceTree = "<group>"; };
		5AF00F0491F0CEF81F34D808 /* Pods-POI.debug.xcconfig */ = {isa = PBXFileReference; includeInIndex = 1; lastKnownFileType = text.xcconfig; name = "Pods-POI.debug.xcconfig"; path = "Pods/Target Support Files/Pods-POI/Pods-POI.debug.xcconfig"; sourceTree = "<group>"; };
		640FD424D2AFC2B434ACF7F7 /* Pods-POIUITests.release.xcconfig */ = {isa = PBXFileReference; includeInIndex = 1; lastKnownFileType = text.xcconfig; name = "Pods-POIUITests.release.xcconfig"; path = "Pods/Target Support Files/Pods-POIUITests/Pods-POIUITests.release.xcconfig"; sourceTree = "<group>"; };
		806DA1572E4848834B8A0FF8 /* Pods_POIUITests.framework */ = {isa = PBXFileReference; explicitFileType = wrapper.framework; includeInIndex = 0; path = Pods_POIUITests.framework; sourceTree = BUILT_PRODUCTS_DIR; };
		B917FAEB208E95CF00B65D9F /* POI.app */ = {isa = PBXFileReference; explicitFileType = wrapper.application; includeInIndex = 0; path = POI.app; sourceTree = BUILT_PRODUCTS_DIR; };
		B917FAEE208E95CF00B65D9F /* AppDelegate.swift */ = {isa = PBXFileReference; lastKnownFileType = sourcecode.swift; path = AppDelegate.swift; sourceTree = "<group>"; };
		B917FAF0208E95CF00B65D9F /* ViewController.swift */ = {isa = PBXFileReference; lastKnownFileType = sourcecode.swift; path = ViewController.swift; sourceTree = "<group>"; };
		B917FAF3208E95CF00B65D9F /* Base */ = {isa = PBXFileReference; lastKnownFileType = file.storyboard; name = Base; path = Base.lproj/Main.storyboard; sourceTree = "<group>"; };
		B917FAF5208E95D400B65D9F /* Assets.xcassets */ = {isa = PBXFileReference; lastKnownFileType = folder.assetcatalog; path = Assets.xcassets; sourceTree = "<group>"; };
		B917FAF8208E95D400B65D9F /* Base */ = {isa = PBXFileReference; lastKnownFileType = file.storyboard; name = Base; path = Base.lproj/LaunchScreen.storyboard; sourceTree = "<group>"; };
		B917FAFA208E95D400B65D9F /* Info.plist */ = {isa = PBXFileReference; lastKnownFileType = text.plist.xml; path = Info.plist; sourceTree = "<group>"; };
		B917FAFF208E95D400B65D9F /* POITests.xctest */ = {isa = PBXFileReference; explicitFileType = wrapper.cfbundle; includeInIndex = 0; path = POITests.xctest; sourceTree = BUILT_PRODUCTS_DIR; };
		B917FB03208E95D400B65D9F /* POITests.swift */ = {isa = PBXFileReference; lastKnownFileType = sourcecode.swift; path = POITests.swift; sourceTree = "<group>"; };
		B917FB05208E95D400B65D9F /* Info.plist */ = {isa = PBXFileReference; lastKnownFileType = text.plist.xml; path = Info.plist; sourceTree = "<group>"; };
		B917FB0A208E95D500B65D9F /* POIUITests.xctest */ = {isa = PBXFileReference; explicitFileType = wrapper.cfbundle; includeInIndex = 0; path = POIUITests.xctest; sourceTree = BUILT_PRODUCTS_DIR; };
		B917FB0E208E95D500B65D9F /* POIUITests.swift */ = {isa = PBXFileReference; lastKnownFileType = sourcecode.swift; path = POIUITests.swift; sourceTree = "<group>"; };
		B917FB10208E95D500B65D9F /* Info.plist */ = {isa = PBXFileReference; lastKnownFileType = text.plist.xml; path = Info.plist; sourceTree = "<group>"; };
		B917FB1C208E975D00B65D9F /* GoogleService-Info.plist */ = {isa = PBXFileReference; fileEncoding = 4; lastKnownFileType = text.plist.xml; path = "GoogleService-Info.plist"; sourceTree = "<group>"; };
		CE4879198E314F5139527C95 /* Pods_POITests.framework */ = {isa = PBXFileReference; explicitFileType = wrapper.framework; includeInIndex = 0; path = Pods_POITests.framework; sourceTree = BUILT_PRODUCTS_DIR; };
		E7324ADD5B456B9849E61C8F /* Pods-POI.release.xcconfig */ = {isa = PBXFileReference; includeInIndex = 1; lastKnownFileType = text.xcconfig; name = "Pods-POI.release.xcconfig"; path = "Pods/Target Support Files/Pods-POI/Pods-POI.release.xcconfig"; sourceTree = "<group>"; };
		F4D5416394ECD310313D060D /* Pods-POITests.release.xcconfig */ = {isa = PBXFileReference; includeInIndex = 1; lastKnownFileType = text.xcconfig; name = "Pods-POITests.release.xcconfig"; path = "Pods/Target Support Files/Pods-POITests/Pods-POITests.release.xcconfig"; sourceTree = "<group>"; };
/* End PBXFileReference section */

/* Begin PBXFrameworksBuildPhase section */
		B917FAE8208E95CF00B65D9F /* Frameworks */ = {
			isa = PBXFrameworksBuildPhase;
			buildActionMask = 2147483647;
			files = (
				65DF7AD9954DBE2A1007F83C /* Pods_POI.framework in Frameworks */,
			);
			runOnlyForDeploymentPostprocessing = 0;
		};
		B917FAFC208E95D400B65D9F /* Frameworks */ = {
			isa = PBXFrameworksBuildPhase;
			buildActionMask = 2147483647;
			files = (
				D3E4C182BD9E473EC8F6A483 /* Pods_POITests.framework in Frameworks */,
			);
			runOnlyForDeploymentPostprocessing = 0;
		};
		B917FB07208E95D500B65D9F /* Frameworks */ = {
			isa = PBXFrameworksBuildPhase;
			buildActionMask = 2147483647;
			files = (
				4318D028C63D71F4F30841EA /* Pods_POIUITests.framework in Frameworks */,
			);
			runOnlyForDeploymentPostprocessing = 0;
		};
/* End PBXFrameworksBuildPhase section */

/* Begin PBXGroup section */
		1E7D6BFDF3C133F8934016A4 /* Frameworks */ = {
			isa = PBXGroup;
			children = (
				3EEF47A7517095E5CF3647C4 /* Pods_POI.framework */,
				CE4879198E314F5139527C95 /* Pods_POITests.framework */,
				806DA1572E4848834B8A0FF8 /* Pods_POIUITests.framework */,
			);
			name = Frameworks;
			sourceTree = "<group>";
		};
		5BE26CDF7DBF633A44BA975B /* Pods */ = {
			isa = PBXGroup;
			children = (
				5AF00F0491F0CEF81F34D808 /* Pods-POI.debug.xcconfig */,
				E7324ADD5B456B9849E61C8F /* Pods-POI.release.xcconfig */,
				1E38B4CCFB9B5333A8E3B2C1 /* Pods-POITests.debug.xcconfig */,
				F4D5416394ECD310313D060D /* Pods-POITests.release.xcconfig */,
				45E440893DCFF576C08DB6D6 /* Pods-POIUITests.debug.xcconfig */,
				640FD424D2AFC2B434ACF7F7 /* Pods-POIUITests.release.xcconfig */,
			);
			name = Pods;
			sourceTree = "<group>";
		};
		B917FAE2208E95CF00B65D9F = {
			isa = PBXGroup;
			children = (
				B917FAED208E95CF00B65D9F /* POI */,
				B917FB02208E95D400B65D9F /* POITests */,
				B917FB0D208E95D500B65D9F /* POIUITests */,
				B917FAEC208E95CF00B65D9F /* Products */,
				5BE26CDF7DBF633A44BA975B /* Pods */,
				1E7D6BFDF3C133F8934016A4 /* Frameworks */,
			);
			sourceTree = "<group>";
		};
		B917FAEC208E95CF00B65D9F /* Products */ = {
			isa = PBXGroup;
			children = (
				B917FAEB208E95CF00B65D9F /* POI.app */,
				B917FAFF208E95D400B65D9F /* POITests.xctest */,
				B917FB0A208E95D500B65D9F /* POIUITests.xctest */,
			);
			name = Products;
			sourceTree = "<group>";
		};
		B917FAED208E95CF00B65D9F /* POI */ = {
			isa = PBXGroup;
			children = (
				B917FAEE208E95CF00B65D9F /* AppDelegate.swift */,
				B917FAF0208E95CF00B65D9F /* ViewController.swift */,
				B917FAF2208E95CF00B65D9F /* Main.storyboard */,
				B917FAF5208E95D400B65D9F /* Assets.xcassets */,
				B917FAF7208E95D400B65D9F /* LaunchScreen.storyboard */,
				B917FAFA208E95D400B65D9F /* Info.plist */,
				B917FB1C208E975D00B65D9F /* GoogleService-Info.plist */,
			);
			path = POI;
			sourceTree = "<group>";
		};
		B917FB02208E95D400B65D9F /* POITests */ = {
			isa = PBXGroup;
			children = (
				B917FB03208E95D400B65D9F /* POITests.swift */,
				B917FB05208E95D400B65D9F /* Info.plist */,
			);
			path = POITests;
			sourceTree = "<group>";
		};
		B917FB0D208E95D500B65D9F /* POIUITests */ = {
			isa = PBXGroup;
			children = (
				B917FB0E208E95D500B65D9F /* POIUITests.swift */,
				B917FB10208E95D500B65D9F /* Info.plist */,
			);
			path = POIUITests;
			sourceTree = "<group>";
		};
/* End PBXGroup section */

/* Begin PBXNativeTarget section */
		B917FAEA208E95CF00B65D9F /* POI */ = {
			isa = PBXNativeTarget;
			buildConfigurationList = B917FB13208E95D500B65D9F /* Build configuration list for PBXNativeTarget "POI" */;
			buildPhases = (
				432521264285AA5E2A44EFA0 /* [CP] Check Pods Manifest.lock */,
				B917FAE7208E95CF00B65D9F /* Sources */,
				B917FAE8208E95CF00B65D9F /* Frameworks */,
				B917FAE9208E95CF00B65D9F /* Resources */,
				9A95B1FC390B7CD92FE20244 /* [CP] Embed Pods Frameworks */,
			);
			buildRules = (
			);
			dependencies = (
			);
			name = POI;
			productName = POI;
			productReference = B917FAEB208E95CF00B65D9F /* POI.app */;
			productType = "com.apple.product-type.application";
		};
		B917FAFE208E95D400B65D9F /* POITests */ = {
			isa = PBXNativeTarget;
			buildConfigurationList = B917FB16208E95D500B65D9F /* Build configuration list for PBXNativeTarget "POITests" */;
			buildPhases = (
				4ABF75E474C29BFE71EDCF45 /* [CP] Check Pods Manifest.lock */,
				B917FAFB208E95D400B65D9F /* Sources */,
				B917FAFC208E95D400B65D9F /* Frameworks */,
				B917FAFD208E95D400B65D9F /* Resources */,
			);
			buildRules = (
			);
			dependencies = (
				B917FB01208E95D400B65D9F /* PBXTargetDependency */,
			);
			name = POITests;
			productName = POITests;
			productReference = B917FAFF208E95D400B65D9F /* POITests.xctest */;
			productType = "com.apple.product-type.bundle.unit-test";
		};
		B917FB09208E95D500B65D9F /* POIUITests */ = {
			isa = PBXNativeTarget;
			buildConfigurationList = B917FB19208E95D500B65D9F /* Build configuration list for PBXNativeTarget "POIUITests" */;
			buildPhases = (
				E14DD5FF67124660E53B8C0C /* [CP] Check Pods Manifest.lock */,
				B917FB06208E95D500B65D9F /* Sources */,
				B917FB07208E95D500B65D9F /* Frameworks */,
				B917FB08208E95D500B65D9F /* Resources */,
			);
			buildRules = (
			);
			dependencies = (
				B917FB0C208E95D500B65D9F /* PBXTargetDependency */,
			);
			name = POIUITests;
			productName = POIUITests;
			productReference = B917FB0A208E95D500B65D9F /* POIUITests.xctest */;
			productType = "com.apple.product-type.bundle.ui-testing";
		};
/* End PBXNativeTarget section */

/* Begin PBXProject section */
		B917FAE3208E95CF00B65D9F /* Project object */ = {
			isa = PBXProject;
			attributes = {
				LastSwiftUpdateCheck = 0930;
				LastUpgradeCheck = 0930;
				ORGANIZATIONNAME = kewser;
				TargetAttributes = {
					B917FAEA208E95CF00B65D9F = {
						CreatedOnToolsVersion = 9.3;
					};
					B917FAFE208E95D400B65D9F = {
						CreatedOnToolsVersion = 9.3;
						TestTargetID = B917FAEA208E95CF00B65D9F;
					};
					B917FB09208E95D500B65D9F = {
						CreatedOnToolsVersion = 9.3;
						TestTargetID = B917FAEA208E95CF00B65D9F;
					};
				};
			};
			buildConfigurationList = B917FAE6208E95CF00B65D9F /* Build configuration list for PBXProject "POI" */;
			compatibilityVersion = "Xcode 9.3";
			developmentRegion = en;
			hasScannedForEncodings = 0;
			knownRegions = (
				en,
				Base,
			);
			mainGroup = B917FAE2208E95CF00B65D9F;
			productRefGroup = B917FAEC208E95CF00B65D9F /* Products */;
			projectDirPath = "";
			projectRoot = "";
			targets = (
				B917FAEA208E95CF00B65D9F /* POI */,
				B917FAFE208E95D400B65D9F /* POITests */,
				B917FB09208E95D500B65D9F /* POIUITests */,
			);
		};
/* End PBXProject section */

/* Begin PBXResourcesBuildPhase section */
		B917FAE9208E95CF00B65D9F /* Resources */ = {
			isa = PBXResourcesBuildPhase;
			buildActionMask = 2147483647;
			files = (
				B917FAF9208E95D400B65D9F /* LaunchScreen.storyboard in Resources */,
				B917FB1D208E975D00B65D9F /* GoogleService-Info.plist in Resources */,
				B917FAF6208E95D400B65D9F /* Assets.xcassets in Resources */,
				B917FAF4208E95CF00B65D9F /* Main.storyboard in Resources */,
			);
			runOnlyForDeploymentPostprocessing = 0;
		};
		B917FAFD208E95D400B65D9F /* Resources */ = {
			isa = PBXResourcesBuildPhase;
			buildActionMask = 2147483647;
			files = (
			);
			runOnlyForDeploymentPostprocessing = 0;
		};
		B917FB08208E95D500B65D9F /* Resources */ = {
			isa = PBXResourcesBuildPhase;
			buildActionMask = 2147483647;
			files = (
			);
			runOnlyForDeploymentPostprocessing = 0;
		};
/* End PBXResourcesBuildPhase section */

/* Begin PBXShellScriptBuildPhase section */
		432521264285AA5E2A44EFA0 /* [CP] Check Pods Manifest.lock */ = {
			isa = PBXShellScriptBuildPhase;
			buildActionMask = 2147483647;
			files = (
			);
			inputPaths = (
				"${PODS_PODFILE_DIR_PATH}/Podfile.lock",
				"${PODS_ROOT}/Manifest.lock",
			);
			name = "[CP] Check Pods Manifest.lock";
			outputPaths = (
				"$(DERIVED_FILE_DIR)/Pods-POI-checkManifestLockResult.txt",
			);
			runOnlyForDeploymentPostprocessing = 0;
			shellPath = /bin/sh;
			shellScript = "diff \"${PODS_PODFILE_DIR_PATH}/Podfile.lock\" \"${PODS_ROOT}/Manifest.lock\" > /dev/null\nif [ $? != 0 ] ; then\n    # print error to STDERR\n    echo \"error: The sandbox is not in sync with the Podfile.lock. Run 'pod install' or update your CocoaPods installation.\" >&2\n    exit 1\nfi\n# This output is used by Xcode 'outputs' to avoid re-running this script phase.\necho \"SUCCESS\" > \"${SCRIPT_OUTPUT_FILE_0}\"\n";
			showEnvVarsInLog = 0;
		};
		4ABF75E474C29BFE71EDCF45 /* [CP] Check Pods Manifest.lock */ = {
			isa = PBXShellScriptBuildPhase;
			buildActionMask = 2147483647;
			files = (
			);
			inputPaths = (
				"${PODS_PODFILE_DIR_PATH}/Podfile.lock",
				"${PODS_ROOT}/Manifest.lock",
			);
			name = "[CP] Check Pods Manifest.lock";
			outputPaths = (
				"$(DERIVED_FILE_DIR)/Pods-POITests-checkManifestLockResult.txt",
			);
			runOnlyForDeploymentPostprocessing = 0;
			shellPath = /bin/sh;
			shellScript = "diff \"${PODS_PODFILE_DIR_PATH}/Podfile.lock\" \"${PODS_ROOT}/Manifest.lock\" > /dev/null\nif [ $? != 0 ] ; then\n    # print error to STDERR\n    echo \"error: The sandbox is not in sync with the Podfile.lock. Run 'pod install' or update your CocoaPods installation.\" >&2\n    exit 1\nfi\n# This output is used by Xcode 'outputs' to avoid re-running this script phase.\necho \"SUCCESS\" > \"${SCRIPT_OUTPUT_FILE_0}\"\n";
			showEnvVarsInLog = 0;
		};
		9A95B1FC390B7CD92FE20244 /* [CP] Embed Pods Frameworks */ = {
			isa = PBXShellScriptBuildPhase;
			buildActionMask = 2147483647;
			files = (
			);
			inputPaths = (
				"${SRCROOT}/Pods/Target Support Files/Pods-POI/Pods-POI-frameworks.sh",
				"${BUILT_PRODUCTS_DIR}/GoogleToolboxForMac/GoogleToolboxForMac.framework",
				"${BUILT_PRODUCTS_DIR}/nanopb/nanopb.framework",
			);
			name = "[CP] Embed Pods Frameworks";
			outputPaths = (
				"${TARGET_BUILD_DIR}/${FRAMEWORKS_FOLDER_PATH}/GoogleToolboxForMac.framework",
				"${TARGET_BUILD_DIR}/${FRAMEWORKS_FOLDER_PATH}/nanopb.framework",
			);
			runOnlyForDeploymentPostprocessing = 0;
			shellPath = /bin/sh;
			shellScript = "\"${SRCROOT}/Pods/Target Support Files/Pods-POI/Pods-POI-frameworks.sh\"\n";
			showEnvVarsInLog = 0;
		};
		E14DD5FF67124660E53B8C0C /* [CP] Check Pods Manifest.lock */ = {
			isa = PBXShellScriptBuildPhase;
			buildActionMask = 2147483647;
			files = (
			);
			inputPaths = (
				"${PODS_PODFILE_DIR_PATH}/Podfile.lock",
				"${PODS_ROOT}/Manifest.lock",
			);
			name = "[CP] Check Pods Manifest.lock";
			outputPaths = (
				"$(DERIVED_FILE_DIR)/Pods-POIUITests-checkManifestLockResult.txt",
			);
			runOnlyForDeploymentPostprocessing = 0;
			shellPath = /bin/sh;
			shellScript = "diff \"${PODS_PODFILE_DIR_PATH}/Podfile.lock\" \"${PODS_ROOT}/Manifest.lock\" > /dev/null\nif [ $? != 0 ] ; then\n    # print error to STDERR\n    echo \"error: The sandbox is not in sync with the Podfile.lock. Run 'pod install' or update your CocoaPods installation.\" >&2\n    exit 1\nfi\n# This output is used by Xcode 'outputs' to avoid re-running this script phase.\necho \"SUCCESS\" > \"${SCRIPT_OUTPUT_FILE_0}\"\n";
			showEnvVarsInLog = 0;
		};
/* End PBXShellScriptBuildPhase section */

/* Begin PBXSourcesBuildPhase section */
		B917FAE7208E95CF00B65D9F /* Sources */ = {
			isa = PBXSourcesBuildPhase;
			buildActionMask = 2147483647;
			files = (
				B917FAF1208E95CF00B65D9F /* ViewController.swift in Sources */,
				B917FAEF208E95CF00B65D9F /* AppDelegate.swift in Sources */,
			);
			runOnlyForDeploymentPostprocessing = 0;
		};
		B917FAFB208E95D400B65D9F /* Sources */ = {
			isa = PBXSourcesBuildPhase;
			buildActionMask = 2147483647;
			files = (
				B917FB04208E95D400B65D9F /* POITests.swift in Sources */,
			);
			runOnlyForDeploymentPostprocessing = 0;
		};
		B917FB06208E95D500B65D9F /* Sources */ = {
			isa = PBXSourcesBuildPhase;
			buildActionMask = 2147483647;
			files = (
				B917FB0F208E95D500B65D9F /* POIUITests.swift in Sources */,
			);
			runOnlyForDeploymentPostprocessing = 0;
		};
/* End PBXSourcesBuildPhase section */

/* Begin PBXTargetDependency section */
		B917FB01208E95D400B65D9F /* PBXTargetDependency */ = {
			isa = PBXTargetDependency;
			target = B917FAEA208E95CF00B65D9F /* POI */;
			targetProxy = B917FB00208E95D400B65D9F /* PBXContainerItemProxy */;
		};
		B917FB0C208E95D500B65D9F /* PBXTargetDependency */ = {
			isa = PBXTargetDependency;
			target = B917FAEA208E95CF00B65D9F /* POI */;
			targetProxy = B917FB0B208E95D500B65D9F /* PBXContainerItemProxy */;
		};
/* End PBXTargetDependency section */

/* Begin PBXVariantGroup section */
		B917FAF2208E95CF00B65D9F /* Main.storyboard */ = {
			isa = PBXVariantGroup;
			children = (
				B917FAF3208E95CF00B65D9F /* Base */,
			);
			name = Main.storyboard;
			sourceTree = "<group>";
		};
		B917FAF7208E95D400B65D9F /* LaunchScreen.storyboard */ = {
			isa = PBXVariantGroup;
			children = (
				B917FAF8208E95D400B65D9F /* Base */,
			);
			name = LaunchScreen.storyboard;
			sourceTree = "<group>";
		};
/* End PBXVariantGroup section */

/* Begin XCBuildConfiguration section */
		B917FB11208E95D500B65D9F /* Debug */ = {
			isa = XCBuildConfiguration;
			buildSettings = {
				ALWAYS_SEARCH_USER_PATHS = NO;
				CLANG_ANALYZER_NONNULL = YES;
				CLANG_ANALYZER_NUMBER_OBJECT_CONVERSION = YES_AGGRESSIVE;
				CLANG_CXX_LANGUAGE_STANDARD = "gnu++14";
				CLANG_CXX_LIBRARY = "libc++";
				CLANG_ENABLE_MODULES = YES;
				CLANG_ENABLE_OBJC_ARC = YES;
				CLANG_ENABLE_OBJC_WEAK = YES;
				CLANG_WARN_BLOCK_CAPTURE_AUTORELEASING = YES;
				CLANG_WARN_BOOL_CONVERSION = YES;
				CLANG_WARN_COMMA = YES;
				CLANG_WARN_CONSTANT_CONVERSION = YES;
				CLANG_WARN_DEPRECATED_OBJC_IMPLEMENTATIONS = YES;
				CLANG_WARN_DIRECT_OBJC_ISA_USAGE = YES_ERROR;
				CLANG_WARN_DOCUMENTATION_COMMENTS = YES;
				CLANG_WARN_EMPTY_BODY = YES;
				CLANG_WARN_ENUM_CONVERSION = YES;
				CLANG_WARN_INFINITE_RECURSION = YES;
				CLANG_WARN_INT_CONVERSION = YES;
				CLANG_WARN_NON_LITERAL_NULL_CONVERSION = YES;
				CLANG_WARN_OBJC_IMPLICIT_RETAIN_SELF = YES;
				CLANG_WARN_OBJC_LITERAL_CONVERSION = YES;
				CLANG_WARN_OBJC_ROOT_CLASS = YES_ERROR;
				CLANG_WARN_RANGE_LOOP_ANALYSIS = YES;
				CLANG_WARN_STRICT_PROTOTYPES = YES;
				CLANG_WARN_SUSPICIOUS_MOVE = YES;
				CLANG_WARN_UNGUARDED_AVAILABILITY = YES_AGGRESSIVE;
				CLANG_WARN_UNREACHABLE_CODE = YES;
				CLANG_WARN__DUPLICATE_METHOD_MATCH = YES;
				CODE_SIGN_IDENTITY = "iPhone Developer";
				COPY_PHASE_STRIP = NO;
				DEBUG_INFORMATION_FORMAT = dwarf;
				ENABLE_STRICT_OBJC_MSGSEND = YES;
				ENABLE_TESTABILITY = YES;
				GCC_C_LANGUAGE_STANDARD = gnu11;
				GCC_DYNAMIC_NO_PIC = NO;
				GCC_NO_COMMON_BLOCKS = YES;
				GCC_OPTIMIZATION_LEVEL = 0;
				GCC_PREPROCESSOR_DEFINITIONS = (
					"DEBUG=1",
					"$(inherited)",
				);
				GCC_WARN_64_TO_32_BIT_CONVERSION = YES;
				GCC_WARN_ABOUT_RETURN_TYPE = YES_ERROR;
				GCC_WARN_UNDECLARED_SELECTOR = YES;
				GCC_WARN_UNINITIALIZED_AUTOS = YES_AGGRESSIVE;
				GCC_WARN_UNUSED_FUNCTION = YES;
				GCC_WARN_UNUSED_VARIABLE = YES;
				IPHONEOS_DEPLOYMENT_TARGET = 11.3;
				MTL_ENABLE_DEBUG_INFO = YES;
				ONLY_ACTIVE_ARCH = YES;
				SDKROOT = iphoneos;
				SWIFT_ACTIVE_COMPILATION_CONDITIONS = DEBUG;
				SWIFT_OPTIMIZATION_LEVEL = "-Onone";
			};
			name = Debug;
		};
		B917FB12208E95D500B65D9F /* Release */ = {
			isa = XCBuildConfiguration;
			buildSettings = {
				ALWAYS_SEARCH_USER_PATHS = NO;
				CLANG_ANALYZER_NONNULL = YES;
				CLANG_ANALYZER_NUMBER_OBJECT_CONVERSION = YES_AGGRESSIVE;
				CLANG_CXX_LANGUAGE_STANDARD = "gnu++14";
				CLANG_CXX_LIBRARY = "libc++";
				CLANG_ENABLE_MODULES = YES;
				CLANG_ENABLE_OBJC_ARC = YES;
				CLANG_ENABLE_OBJC_WEAK = YES;
				CLANG_WARN_BLOCK_CAPTURE_AUTORELEASING = YES;
				CLANG_WARN_BOOL_CONVERSION = YES;
				CLANG_WARN_COMMA = YES;
				CLANG_WARN_CONSTANT_CONVERSION = YES;
				CLANG_WARN_DEPRECATED_OBJC_IMPLEMENTATIONS = YES;
				CLANG_WARN_DIRECT_OBJC_ISA_USAGE = YES_ERROR;
				CLANG_WARN_DOCUMENTATION_COMMENTS = YES;
				CLANG_WARN_EMPTY_BODY = YES;
				CLANG_WARN_ENUM_CONVERSION = YES;
				CLANG_WARN_INFINITE_RECURSION = YES;
				CLANG_WARN_INT_CONVERSION = YES;
				CLANG_WARN_NON_LITERAL_NULL_CONVERSION = YES;
				CLANG_WARN_OBJC_IMPLICIT_RETAIN_SELF = YES;
				CLANG_WARN_OBJC_LITERAL_CONVERSION = YES;
				CLANG_WARN_OBJC_ROOT_CLASS = YES_ERROR;
				CLANG_WARN_RANGE_LOOP_ANALYSIS = YES;
				CLANG_WARN_STRICT_PROTOTYPES = YES;
				CLANG_WARN_SUSPICIOUS_MOVE = YES;
				CLANG_WARN_UNGUARDED_AVAILABILITY = YES_AGGRESSIVE;
				CLANG_WARN_UNREACHABLE_CODE = YES;
				CLANG_WARN__DUPLICATE_METHOD_MATCH = YES;
				CODE_SIGN_IDENTITY = "iPhone Developer";
				COPY_PHASE_STRIP = NO;
				DEBUG_INFORMATION_FORMAT = "dwarf-with-dsym";
				ENABLE_NS_ASSERTIONS = NO;
				ENABLE_STRICT_OBJC_MSGSEND = YES;
				GCC_C_LANGUAGE_STANDARD = gnu11;
				GCC_NO_COMMON_BLOCKS = YES;
				GCC_WARN_64_TO_32_BIT_CONVERSION = YES;
				GCC_WARN_ABOUT_RETURN_TYPE = YES_ERROR;
				GCC_WARN_UNDECLARED_SELECTOR = YES;
				GCC_WARN_UNINITIALIZED_AUTOS = YES_AGGRESSIVE;
				GCC_WARN_UNUSED_FUNCTION = YES;
				GCC_WARN_UNUSED_VARIABLE = YES;
				IPHONEOS_DEPLOYMENT_TARGET = 11.3;
				MTL_ENABLE_DEBUG_INFO = NO;
				SDKROOT = iphoneos;
				SWIFT_COMPILATION_MODE = wholemodule;
				SWIFT_OPTIMIZATION_LEVEL = "-O";
				VALIDATE_PRODUCT = YES;
			};
			name = Release;
		};
		B917FB14208E95D500B65D9F /* Debug */ = {
			isa = XCBuildConfiguration;
			baseConfigurationReference = 5AF00F0491F0CEF81F34D808 /* Pods-POI.debug.xcconfig */;
			buildSettings = {
				ASSETCATALOG_COMPILER_APPICON_NAME = AppIcon;
				CODE_SIGN_STYLE = Automatic;
				DEVELOPMENT_TEAM = JV88J8G2VS;
				INFOPLIST_FILE = POI/Info.plist;
				IPHONEOS_DEPLOYMENT_TARGET = 9.3;
				LD_RUNPATH_SEARCH_PATHS = (
					"$(inherited)",
					"@executable_path/Frameworks",
				);
				PRODUCT_BUNDLE_IDENTIFIER = "com.Kata2-Kewser.POI";
				PRODUCT_NAME = "$(TARGET_NAME)";
				SWIFT_VERSION = 4.0;
				TARGETED_DEVICE_FAMILY = 2;
			};
			name = Debug;
		};
		B917FB15208E95D500B65D9F /* Release */ = {
			isa = XCBuildConfiguration;
			baseConfigurationReference = E7324ADD5B456B9849E61C8F /* Pods-POI.release.xcconfig */;
			buildSettings = {
				ASSETCATALOG_COMPILER_APPICON_NAME = AppIcon;
				CODE_SIGN_STYLE = Automatic;
				DEVELOPMENT_TEAM = JV88J8G2VS;
				INFOPLIST_FILE = POI/Info.plist;
				IPHONEOS_DEPLOYMENT_TARGET = 9.3;
				LD_RUNPATH_SEARCH_PATHS = (
					"$(inherited)",
					"@executable_path/Frameworks",
				);
				PRODUCT_BUNDLE_IDENTIFIER = "com.Kata2-Kewser.POI";
				PRODUCT_NAME = "$(TARGET_NAME)";
				SWIFT_VERSION = 4.0;
				TARGETED_DEVICE_FAMILY = 2;
			};
			name = Release;
		};
		B917FB17208E95D500B65D9F /* Debug */ = {
			isa = XCBuildConfiguration;
			baseConfigurationReference = 1E38B4CCFB9B5333A8E3B2C1 /* Pods-POITests.debug.xcconfig */;
			buildSettings = {
				ALWAYS_EMBED_SWIFT_STANDARD_LIBRARIES = YES;
				BUNDLE_LOADER = "$(TEST_HOST)";
				CODE_SIGN_STYLE = Automatic;
				INFOPLIST_FILE = POITests/Info.plist;
				LD_RUNPATH_SEARCH_PATHS = (
					"$(inherited)",
					"@executable_path/Frameworks",
					"@loader_path/Frameworks",
				);
				PRODUCT_BUNDLE_IDENTIFIER = "com.Kata-Kewser.POITests";
				PRODUCT_NAME = "$(TARGET_NAME)";
				SWIFT_VERSION = 4.0;
				TARGETED_DEVICE_FAMILY = "1,2";
				TEST_HOST = "$(BUILT_PRODUCTS_DIR)/POI.app/POI";
			};
			name = Debug;
		};
		B917FB18208E95D500B65D9F /* Release */ = {
			isa = XCBuildConfiguration;
			baseConfigurationReference = F4D5416394ECD310313D060D /* Pods-POITests.release.xcconfig */;
			buildSettings = {
				ALWAYS_EMBED_SWIFT_STANDARD_LIBRARIES = YES;
				BUNDLE_LOADER = "$(TEST_HOST)";
				CODE_SIGN_STYLE = Automatic;
				INFOPLIST_FILE = POITests/Info.plist;
				LD_RUNPATH_SEARCH_PATHS = (
					"$(inherited)",
					"@executable_path/Frameworks",
					"@loader_path/Frameworks",
				);
				PRODUCT_BUNDLE_IDENTIFIER = "com.Kata-Kewser.POITests";
				PRODUCT_NAME = "$(TARGET_NAME)";
				SWIFT_VERSION = 4.0;
				TARGETED_DEVICE_FAMILY = "1,2";
				TEST_HOST = "$(BUILT_PRODUCTS_DIR)/POI.app/POI";
			};
			name = Release;
		};
		B917FB1A208E95D500B65D9F /* Debug */ = {
			isa = XCBuildConfiguration;
			baseConfigurationReference = 45E440893DCFF576C08DB6D6 /* Pods-POIUITests.debug.xcconfig */;
			buildSettings = {
				ALWAYS_EMBED_SWIFT_STANDARD_LIBRARIES = YES;
				CODE_SIGN_STYLE = Automatic;
				INFOPLIST_FILE = POIUITests/Info.plist;
				LD_RUNPATH_SEARCH_PATHS = (
					"$(inherited)",
					"@executable_path/Frameworks",
					"@loader_path/Frameworks",
				);
				PRODUCT_BUNDLE_IDENTIFIER = "com.Kata-Kewser.POIUITests";
				PRODUCT_NAME = "$(TARGET_NAME)";
				SWIFT_VERSION = 4.0;
				TARGETED_DEVICE_FAMILY = "1,2";
				TEST_TARGET_NAME = POI;
			};
			name = Debug;
		};
		B917FB1B208E95D500B65D9F /* Release */ = {
			isa = XCBuildConfiguration;
			baseConfigurationReference = 640FD424D2AFC2B434ACF7F7 /* Pods-POIUITests.release.xcconfig */;
			buildSettings = {
				ALWAYS_EMBED_SWIFT_STANDARD_LIBRARIES = YES;
				CODE_SIGN_STYLE = Automatic;
				INFOPLIST_FILE = POIUITests/Info.plist;
				LD_RUNPATH_SEARCH_PATHS = (
					"$(inherited)",
					"@executable_path/Frameworks",
					"@loader_path/Frameworks",
				);
				PRODUCT_BUNDLE_IDENTIFIER = "com.Kata-Kewser.POIUITests";
				PRODUCT_NAME = "$(TARGET_NAME)";
				SWIFT_VERSION = 4.0;
				TARGETED_DEVICE_FAMILY = "1,2";
				TEST_TARGET_NAME = POI;
			};
			name = Release;
		};
/* End XCBuildConfiguration section */

/* Begin XCConfigurationList section */
		B917FAE6208E95CF00B65D9F /* Build configuration list for PBXProject "POI" */ = {
			isa = XCConfigurationList;
			buildConfigurations = (
				B917FB11208E95D500B65D9F /* Debug */,
				B917FB12208E95D500B65D9F /* Release */,
			);
			defaultConfigurationIsVisible = 0;
			defaultConfigurationName = Release;
		};
		B917FB13208E95D500B65D9F /* Build configuration list for PBXNativeTarget "POI" */ = {
			isa = XCConfigurationList;
			buildConfigurations = (
				B917FB14208E95D500B65D9F /* Debug */,
				B917FB15208E95D500B65D9F /* Release */,
			);
			defaultConfigurationIsVisible = 0;
			defaultConfigurationName = Release;
		};
		B917FB16208E95D500B65D9F /* Build configuration list for PBXNativeTarget "POITests" */ = {
			isa = XCConfigurationList;
			buildConfigurations = (
				B917FB17208E95D500B65D9F /* Debug */,
				B917FB18208E95D500B65D9F /* Release */,
			);
			defaultConfigurationIsVisible = 0;
			defaultConfigurationName = Release;
		};
		B917FB19208E95D500B65D9F /* Build configuration list for PBXNativeTarget "POIUITests" */ = {
			isa = XCConfigurationList;
			buildConfigurations = (
				B917FB1A208E95D500B65D9F /* Debug */,
				B917FB1B208E95D500B65D9F /* Release */,
			);
			defaultConfigurationIsVisible = 0;
			defaultConfigurationName = Release;
		};
/* End XCConfigurationList section */
	};
	rootObject = B917FAE3208E95CF00B65D9F /* Project object */;
}
